{
  "lockfileVersion": 1,
  "configVersion": 1,
  "workspaces": {
    "": {
      "dependencies": {
        "@focal/docify": "npm:@jsr/focal__docify",
      },
    },
  },
  "packages": {
    "@focal/docify": ["@jsr/focal__docify@1.1.3", "https://npm.jsr.io/~/11/@jsr/focal__docify/1.1.3.tgz", {}, "sha512-M+KfyWerD8rBQj3KO8xpvA8lbZCnuvD4V9oi3v0Oqvh2R7fDi1HLL/JAuoqfmjC/nF4I8yrHOefTSowU0WGP1w=="],
  }
}
