{
  "lockfileVersion": 1,
  "configVersion": 1,
  "workspaces": {
    "": {
      "dependencies": {
        "@focal/docify": "npm:@jsr/focal__docify",
      },
    },
  },
  "packages": {
    "@focal/docify": ["@jsr/focal__docify@1.1.4", "https://npm.jsr.io/~/11/@jsr/focal__docify/1.1.4.tgz", {}, "sha512-FJBEF4gYNFQ8Sbb2A5MMPERI+M4Z+GJ5vnalvXXH5Hxe92PLmOTp0UN4FOXWWitt0aPpXcBPqdLxRii6CJ4MXg=="],
  }
}
